
Microsoft Visual Studio Solution File, Format Version 12.00
# Visual Studio 15
VisualStudioVersion = 15.0.28010.2036
MinimumVisualStudioVersion = 10.0.40219.1
Project("{FAE04EC0-301F-11D3-BF4B-00C04F79EFBC}") = "UOW", "UOW\UOW.csproj", "{8506F252-3E7C-4550-93C8-0DE4B4785FBB}"
EndProject
Global
	GlobalSection(SolutionConfigurationPlatforms) = preSolution
		Debug|Any CPU = Debug|Any CPU
		Release|Any CPU = Release|Any CPU
	EndGlobalSection
	GlobalSection(ProjectConfigurationPlatforms) = postSolution
		{8506F252-3E7C-4550-93C8-0DE4B4785FBB}.Debug|Any CPU.ActiveCfg = Debug|Any CPU
		{8506F252-3E7C-4550-93C8-0DE4B4785FBB}.Debug|Any CPU.Build.0 = Debug|Any CPU
		{8506F252-3E7C-4550-93C8-0DE4B4785FBB}.Release|Any CPU.ActiveCfg = Release|Any CPU
		{8506F252-3E7C-4550-93C8-0DE4B4785FBB}.Release|Any CPU.Build.0 = Release|Any CPU
	EndGlobalSection
	GlobalSection(SolutionProperties) = preSolution
		HideSolutionNode = FALSE
	EndGlobalSection
	GlobalSection(ExtensibilityGlobals) = postSolution
		SolutionGuid = {41607197-7EB9-4120-A0A9-101A8AE39843}
	EndGlobalSection
EndGlobal
